
Microsoft Visual Studio Solution File, Format Version 12.00
# Visual Studio 15
VisualStudioVersion = 15.0.26730.16
MinimumVisualStudioVersion = 10.0.40219.1
Project("{FAE04EC0-301F-11D3-BF4B-00C04F79EFBC}") = "SyncfusionWebComponents", "SyncfusionWebComponents\SyncfusionWebComponents.csproj", "{17FF7C9B-07C2-4AF0-A1CA-53C186E8C980}"
EndProject
Global
	GlobalSection(SolutionConfigurationPlatforms) = preSolution
		Debug|Any CPU = Debug|Any CPU
		Release|Any CPU = Release|Any CPU
	EndGlobalSection
	GlobalSection(ProjectConfigurationPlatforms) = postSolution
		{17FF7C9B-07C2-4AF0-A1CA-53C186E8C980}.Debug|Any CPU.ActiveCfg = Debug|Any CPU
		{17FF7C9B-07C2-4AF0-A1CA-53C186E8C980}.Debug|Any CPU.Build.0 = Debug|Any CPU
		{17FF7C9B-07C2-4AF0-A1CA-53C186E8C980}.Release|Any CPU.ActiveCfg = Release|Any CPU
		{17FF7C9B-07C2-4AF0-A1CA-53C186E8C980}.Release|Any CPU.Build.0 = Release|Any CPU
	EndGlobalSection
	GlobalSection(SolutionProperties) = preSolution
		HideSolutionNode = FALSE
	EndGlobalSection
	GlobalSection(ExtensibilityGlobals) = postSolution
		SolutionGuid = {D31EB220-D307-44C4-9767-827105187049}
	EndGlobalSection
EndGlobal
